<Solution>
  <Folder Name="/samples/">
    <Project Path="samples/LP.ClickHouse.Api/LP.ClickHouse.Api.csproj" />
  </Folder>
  <Folder Name="/src/">
    <Project Path="src/LP.ClickHouse.Core/LP.ClickHouse.Core.csproj" />
  </Folder>
  <Folder Name="/tests/">
    <Project Path="tests/LP.ClickHouse.Tests/LP.ClickHouse.Tests.csproj" />
  </Folder>
</Solution>
